
Microsoft Visual Studio Solution File, Format Version 12.00
# Visual Studio Version 16
VisualStudioVersion = 16.0.28803.202
MinimumVisualStudioVersion = 10.0.40219.1
Project("{FAE04EC0-301F-11D3-BF4B-00C04F79EFBC}") = "ManiaReplayVisualizer", "ManiaReplayVisualizer\ManiaReplayVisualizer.csproj", "{B6B42337-B098-4552-B60A-B03BC4C4B81E}"
EndProject
Global
	GlobalSection(SolutionConfigurationPlatforms) = preSolution
		Debug|Any CPU = Debug|Any CPU
		Debug|x64 = Debug|x64
		Release|Any CPU = Release|Any CPU
		Release|x64 = Release|x64
	EndGlobalSection
	GlobalSection(ProjectConfigurationPlatforms) = postSolution
		{B6B42337-B098-4552-B60A-B03BC4C4B81E}.Debug|Any CPU.ActiveCfg = Debug|Any CPU
		{B6B42337-B098-4552-B60A-B03BC4C4B81E}.Debug|Any CPU.Build.0 = Debug|Any CPU
		{B6B42337-B098-4552-B60A-B03BC4C4B81E}.Debug|x64.ActiveCfg = Debug|x64
		{B6B42337-B098-4552-B60A-B03BC4C4B81E}.Debug|x64.Build.0 = Debug|x64
		{B6B42337-B098-4552-B60A-B03BC4C4B81E}.Release|Any CPU.ActiveCfg = Release|Any CPU
		{B6B42337-B098-4552-B60A-B03BC4C4B81E}.Release|Any CPU.Build.0 = Release|Any CPU
		{B6B42337-B098-4552-B60A-B03BC4C4B81E}.Release|x64.ActiveCfg = Release|x64
		{B6B42337-B098-4552-B60A-B03BC4C4B81E}.Release|x64.Build.0 = Release|x64
	EndGlobalSection
	GlobalSection(SolutionProperties) = preSolution
		HideSolutionNode = FALSE
	EndGlobalSection
	GlobalSection(ExtensibilityGlobals) = postSolution
		SolutionGuid = {C0CE51D6-5234-4E38-92D0-38CF9BFD1DE4}
	EndGlobalSection
EndGlobal
